// !$*UTF8*$!
{
	archiveVersion = 1;
	classes = {
	};
	objectVersion = 46;
	objects = {

/* Begin PBXAggregateTarget section */
		024096341265E1EB00925952 /* ruby-sanspleur */ = {
			isa = PBXAggregateTarget;
			buildConfigurationList = 0240963D1265E20200925952 /* Build configuration list for PBXAggregateTarget "ruby-sanspleur" */;
			buildPhases = (
				024096331265E1EB00925952 /* ShellScript */,
			);
			dependencies = (
			);
			name = "ruby-sanspleur";
			productName = "ruby-prof";
		};
/* End PBXAggregateTarget section */

/* Begin PBXFileReference section */
		0240979C1265EB6100925952 /* Rakefile */ = {isa = PBXFileReference; fileEncoding = 4; lastKnownFileType = text; path = Rakefile; sourceTree = "<group>"; };
		0240979F1265EB7300925952 /* debug.c */ = {isa = PBXFileReference; fileEncoding = 4; lastKnownFileType = sourcecode.c.c; path = debug.c; sourceTree = "<group>"; };
		024097A01265EB7300925952 /* debug.h */ = {isa = PBXFileReference; fileEncoding = 4; lastKnownFileType = sourcecode.c.h; path = debug.h; sourceTree = "<group>"; };
		024097A11265EB7300925952 /* extconf.rb */ = {isa = PBXFileReference; fileEncoding = 4; lastKnownFileType = text.script.ruby; path = extconf.rb; sourceTree = "<group>"; };
		024097B41265EB7300925952 /* version.h */ = {isa = PBXFileReference; fileEncoding = 4; lastKnownFileType = sourcecode.c.h; path = version.h; sourceTree = "<group>"; };
		024097BD1265F1E500925952 /* thread_ticker.h */ = {isa = PBXFileReference; fileEncoding = 4; lastKnownFileType = sourcecode.c.h; path = thread_ticker.h; sourceTree = "<group>"; };
		024097BE1265F1E500925952 /* thread_ticker.cpp */ = {isa = PBXFileReference; fileEncoding = 4; lastKnownFileType = sourcecode.cpp.cpp; path = thread_ticker.cpp; sourceTree = "<group>"; };
		0240FD29126845A600925952 /* sampler.h */ = {isa = PBXFileReference; fileEncoding = 4; lastKnownFileType = sourcecode.c.h; path = sampler.h; sourceTree = "<group>"; };
		0240FD2A126845A600925952 /* sampler.cpp */ = {isa = PBXFileReference; fileEncoding = 4; lastKnownFileType = sourcecode.cpp.cpp; path = sampler.cpp; sourceTree = "<group>"; };
		025510C512786E2500746143 /* ruby-sanspleur */ = {isa = PBXFileReference; fileEncoding = 4; lastKnownFileType = text; path = "ruby-sanspleur"; sourceTree = "<group>"; };
		025511961279882300746143 /* ruby-sanspleur.rb */ = {isa = PBXFileReference; fileEncoding = 4; lastKnownFileType = text.script.ruby; path = "ruby-sanspleur.rb"; sourceTree = "<group>"; };
		025511971279882300746143 /* unsanspleur.rb */ = {isa = PBXFileReference; fileEncoding = 4; lastKnownFileType = text.script.ruby; path = unsanspleur.rb; sourceTree = "<group>"; };
		025511981279884100746143 /* ruby_sanspleur.c */ = {isa = PBXFileReference; fileEncoding = 4; lastKnownFileType = sourcecode.c.c; path = ruby_sanspleur.c; sourceTree = "<group>"; };
		025511991279884100746143 /* ruby_sanspleur.h */ = {isa = PBXFileReference; fileEncoding = 4; lastKnownFileType = sourcecode.c.h; path = ruby_sanspleur.h; sourceTree = "<group>"; };
		025511C71279B59500746143 /* CHANGES */ = {isa = PBXFileReference; fileEncoding = 4; lastKnownFileType = text; path = CHANGES; sourceTree = "<group>"; };
		025511C81279B59500746143 /* LICENSE */ = {isa = PBXFileReference; fileEncoding = 4; lastKnownFileType = text; path = LICENSE; sourceTree = "<group>"; };
		025511C91279B59500746143 /* README.rdoc */ = {isa = PBXFileReference; fileEncoding = 4; lastKnownFileType = text; path = README.rdoc; sourceTree = "<group>"; };
		025511CA1279B59500746143 /* todo */ = {isa = PBXFileReference; fileEncoding = 4; lastKnownFileType = text; path = todo; sourceTree = "<group>"; };
		02565CBA128071BA000BF1DF /* stack_trace_sample.h */ = {isa = PBXFileReference; fileEncoding = 4; lastKnownFileType = sourcecode.c.h; path = stack_trace_sample.h; sourceTree = "<group>"; };
		02565CBB128071BA000BF1DF /* stack_trace_sample.cpp */ = {isa = PBXFileReference; fileEncoding = 4; lastKnownFileType = sourcecode.cpp.cpp; path = stack_trace_sample.cpp; sourceTree = "<group>"; };
		02565CE012807A03000BF1DF /* dumper_file.h */ = {isa = PBXFileReference; fileEncoding = 4; lastKnownFileType = sourcecode.c.h; path = dumper_file.h; sourceTree = "<group>"; };
		02565CE112807A03000BF1DF /* dumper_file.cpp */ = {isa = PBXFileReference; fileEncoding = 4; lastKnownFileType = sourcecode.cpp.cpp; path = dumper_file.cpp; sourceTree = "<group>"; };
		02E1538F12A5484500959845 /* signal_ticker.cpp */ = {isa = PBXFileReference; fileEncoding = 4; lastKnownFileType = sourcecode.cpp.cpp; path = signal_ticker.cpp; sourceTree = "<group>"; };
		02E1539012A5484500959845 /* signal_ticker.h */ = {isa = PBXFileReference; fileEncoding = 4; lastKnownFileType = sourcecode.c.h; path = signal_ticker.h; sourceTree = "<group>"; };
		02E153B512A559D000959845 /* generic_ticker.h */ = {isa = PBXFileReference; fileEncoding = 4; lastKnownFileType = sourcecode.c.h; path = generic_ticker.h; sourceTree = "<group>"; };
		02EDAD9A12C2027600C7CF0C /* info_header.h */ = {isa = PBXFileReference; fileEncoding = 4; lastKnownFileType = sourcecode.c.h; path = info_header.h; sourceTree = "<group>"; };
		02EDAD9B12C2027600C7CF0C /* info_header.cpp */ = {isa = PBXFileReference; fileEncoding = 4; lastKnownFileType = sourcecode.cpp.cpp; path = info_header.cpp; sourceTree = "<group>"; };
/* End PBXFileReference section */

/* Begin PBXGroup section */
		024096041265E15100925952 = {
			isa = PBXGroup;
			children = (
				025511C71279B59500746143 /* CHANGES */,
				025511C81279B59500746143 /* LICENSE */,
				025511C91279B59500746143 /* README.rdoc */,
				025511CA1279B59500746143 /* todo */,
				025510CE1278707C00746143 /* lib */,
				025510C412786E2500746143 /* bin */,
				0240979C1265EB6100925952 /* Rakefile */,
				0240979D1265EB7300925952 /* ext */,
			);
			sourceTree = "<group>";
		};
		0240979D1265EB7300925952 /* ext */ = {
			isa = PBXGroup;
			children = (
				0240979E1265EB7300925952 /* ruby_sanspleur */,
			);
			path = ext;
			sourceTree = "<group>";
		};
		0240979E1265EB7300925952 /* ruby_sanspleur */ = {
			isa = PBXGroup;
			children = (
				0240979F1265EB7300925952 /* debug.c */,
				024097A01265EB7300925952 /* debug.h */,
				024097A11265EB7300925952 /* extconf.rb */,
				025511981279884100746143 /* ruby_sanspleur.c */,
				025511991279884100746143 /* ruby_sanspleur.h */,
				024097B41265EB7300925952 /* version.h */,
				0240FD29126845A600925952 /* sampler.h */,
				0240FD2A126845A600925952 /* sampler.cpp */,
				02EDAD9A12C2027600C7CF0C /* info_header.h */,
				02EDAD9B12C2027600C7CF0C /* info_header.cpp */,
				02565CBA128071BA000BF1DF /* stack_trace_sample.h */,
				02565CBB128071BA000BF1DF /* stack_trace_sample.cpp */,
				02565CE012807A03000BF1DF /* dumper_file.h */,
				02565CE112807A03000BF1DF /* dumper_file.cpp */,
				02E153B512A559D000959845 /* generic_ticker.h */,
				024097BD1265F1E500925952 /* thread_ticker.h */,
				024097BE1265F1E500925952 /* thread_ticker.cpp */,
				02E1539012A5484500959845 /* signal_ticker.h */,
				02E1538F12A5484500959845 /* signal_ticker.cpp */,
			);
			path = ruby_sanspleur;
			sourceTree = "<group>";
		};
		025510C412786E2500746143 /* bin */ = {
			isa = PBXGroup;
			children = (
				025510C512786E2500746143 /* ruby-sanspleur */,
			);
			path = bin;
			sourceTree = "<group>";
		};
		025510CE1278707C00746143 /* lib */ = {
			isa = PBXGroup;
			children = (
				025511961279882300746143 /* ruby-sanspleur.rb */,
				025511971279882300746143 /* unsanspleur.rb */,
			);
			path = lib;
			sourceTree = "<group>";
		};
/* End PBXGroup section */

/* Begin PBXLegacyTarget section */
		06AEF55B15AF69A900DAF1D7 /* make */ = {
			isa = PBXLegacyTarget;
			buildArgumentsString = "$(ACTION)";
			buildConfigurationList = 06AEF55C15AF69A900DAF1D7 /* Build configuration list for PBXLegacyTarget "make" */;
			buildPhases = (
			);
			buildToolPath = rake;
			buildWorkingDirectory = "/Users/bertrand/src/ruby-sanspleur/ext/ruby_sanspleur";
			dependencies = (
			);
			name = make;
			passBuildSettingsInEnvironment = 0;
			productName = make;
		};
/* End PBXLegacyTarget section */

/* Begin PBXProject section */
		024096061265E15100925952 /* Project object */ = {
			isa = PBXProject;
			attributes = {
				LastUpgradeCheck = 0420;
			};
			buildConfigurationList = 024096091265E15100925952 /* Build configuration list for PBXProject "ruby-sanspleur" */;
			compatibilityVersion = "Xcode 3.2";
			developmentRegion = English;
			hasScannedForEncodings = 0;
			knownRegions = (
				English,
				Japanese,
				French,
				German,
			);
			mainGroup = 024096041265E15100925952;
			projectDirPath = "";
			projectRoot = "";
			targets = (
				024096341265E1EB00925952 /* ruby-sanspleur */,
				06AEF55B15AF69A900DAF1D7 /* make */,
			);
		};
/* End PBXProject section */

/* Begin PBXShellScriptBuildPhase section */
		024096331265E1EB00925952 /* ShellScript */ = {
			isa = PBXShellScriptBuildPhase;
			buildActionMask = 2147483647;
			files = (
			);
			inputPaths = (
			);
			outputPaths = (
			);
			runOnlyForDeploymentPostprocessing = 0;
			shellPath = /bin/sh;
			shellScript = "# shell script goes here\n\ncd ${SOURCE_ROOT}\nrake build\n// \"${REE_GEM_PATH}\" install pkg/ruby-sanspleur-0.9.4.gem\n\nexit 0";
		};
/* End PBXShellScriptBuildPhase section */

/* Begin XCBuildConfiguration section */
		024096071265E15100925952 /* Debug */ = {
			isa = XCBuildConfiguration;
			buildSettings = {
				COPY_PHASE_STRIP = NO;
				REE_GEM_PATH = "${REE_PATH}bin/gem";
				REE_IRB_PATH = "${REE_PATH}bin/irb";
				REE_PATH = /usr/;
			};
			name = Debug;
		};
		024096081265E15100925952 /* Release */ = {
			isa = XCBuildConfiguration;
			buildSettings = {
				COPY_PHASE_STRIP = YES;
				REE_GEM_PATH = "${REE_PATH}bin/gem";
				REE_IRB_PATH = "${REE_PATH}bin/irb";
				REE_PATH = /usr/;
			};
			name = Release;
		};
		024096351265E1EB00925952 /* Debug */ = {
			isa = XCBuildConfiguration;
			buildSettings = {
				COPY_PHASE_STRIP = NO;
				GCC_DYNAMIC_NO_PIC = NO;
				GCC_OPTIMIZATION_LEVEL = 0;
				PRODUCT_NAME = "ruby-sanspleur";
			};
			name = Debug;
		};
		024096361265E1EB00925952 /* Release */ = {
			isa = XCBuildConfiguration;
			buildSettings = {
				COPY_PHASE_STRIP = YES;
				DEBUG_INFORMATION_FORMAT = "dwarf-with-dsym";
				PRODUCT_NAME = "ruby-sanspleur";
				ZERO_LINK = NO;
			};
			name = Release;
		};
		06AEF55D15AF69A900DAF1D7 /* Debug */ = {
			isa = XCBuildConfiguration;
			buildSettings = {
				ALWAYS_SEARCH_USER_PATHS = NO;
				ARCHS = "$(ARCHS_STANDARD_64_BIT)";
				CLANG_ENABLE_OBJC_ARC = YES;
				DEBUGGING_SYMBOLS = YES;
				GCC_C_LANGUAGE_STANDARD = gnu99;
				GCC_DYNAMIC_NO_PIC = NO;
				GCC_ENABLE_OBJC_EXCEPTIONS = YES;
				GCC_GENERATE_DEBUGGING_SYMBOLS = YES;
				GCC_OPTIMIZATION_LEVEL = 0;
				GCC_PREPROCESSOR_DEFINITIONS = (
					"DEBUG=1",
					"$(inherited)",
				);
				GCC_SYMBOLS_PRIVATE_EXTERN = NO;
				GCC_VERSION = com.apple.compilers.llvm.clang.1_0;
				GCC_WARN_64_TO_32_BIT_CONVERSION = YES;
				GCC_WARN_ABOUT_MISSING_PROTOTYPES = YES;
				GCC_WARN_ABOUT_RETURN_TYPE = YES;
				GCC_WARN_UNUSED_VARIABLE = YES;
				MACOSX_DEPLOYMENT_TARGET = 10.7;
				ONLY_ACTIVE_ARCH = YES;
				OTHER_CFLAGS = "";
				OTHER_LDFLAGS = "";
				PRODUCT_NAME = "$(TARGET_NAME)";
				SDKROOT = macosx;
			};
			name = Debug;
		};
		06AEF55E15AF69A900DAF1D7 /* Release */ = {
			isa = XCBuildConfiguration;
			buildSettings = {
				ALWAYS_SEARCH_USER_PATHS = NO;
				ARCHS = "$(ARCHS_STANDARD_64_BIT)";
				CLANG_ENABLE_OBJC_ARC = YES;
				DEBUG_INFORMATION_FORMAT = "dwarf-with-dsym";
				GCC_C_LANGUAGE_STANDARD = gnu99;
				GCC_ENABLE_OBJC_EXCEPTIONS = YES;
				GCC_VERSION = com.apple.compilers.llvm.clang.1_0;
				GCC_WARN_64_TO_32_BIT_CONVERSION = YES;
				GCC_WARN_ABOUT_MISSING_PROTOTYPES = YES;
				GCC_WARN_ABOUT_RETURN_TYPE = YES;
				GCC_WARN_UNUSED_VARIABLE = YES;
				MACOSX_DEPLOYMENT_TARGET = 10.7;
				OTHER_CFLAGS = "";
				OTHER_LDFLAGS = "";
				PRODUCT_NAME = "$(TARGET_NAME)";
				SDKROOT = macosx;
			};
			name = Release;
		};
/* End XCBuildConfiguration section */

/* Begin XCConfigurationList section */
		024096091265E15100925952 /* Build configuration list for PBXProject "ruby-sanspleur" */ = {
			isa = XCConfigurationList;
			buildConfigurations = (
				024096071265E15100925952 /* Debug */,
				024096081265E15100925952 /* Release */,
			);
			defaultConfigurationIsVisible = 0;
			defaultConfigurationName = Release;
		};
		0240963D1265E20200925952 /* Build configuration list for PBXAggregateTarget "ruby-sanspleur" */ = {
			isa = XCConfigurationList;
			buildConfigurations = (
				024096351265E1EB00925952 /* Debug */,
				024096361265E1EB00925952 /* Release */,
			);
			defaultConfigurationIsVisible = 0;
			defaultConfigurationName = Release;
		};
		06AEF55C15AF69A900DAF1D7 /* Build configuration list for PBXLegacyTarget "make" */ = {
			isa = XCConfigurationList;
			buildConfigurations = (
				06AEF55D15AF69A900DAF1D7 /* Debug */,
				06AEF55E15AF69A900DAF1D7 /* Release */,
			);
			defaultConfigurationIsVisible = 0;
		};
/* End XCConfigurationList section */
	};
	rootObject = 024096061265E15100925952 /* Project object */;
}
